
Microsoft Visual Studio Solution File, Format Version 12.00
# Visual Studio Version 17
VisualStudioVersion = 17.0.31903.59
MinimumVisualStudioVersion = 10.0.40219.1
Project("{2150E333-8FDC-42A3-9474-1A3956D46DE8}") = "src", "src", "{827E0CD3-B72D-47B6-A68D-7590B98EB39B}"
EndProject
Project("{FAE04EC0-301F-11D3-BF4B-00C04F79EFBC}") = "VulnFeed.Common", "src\VulnFeed.Common\VulnFeed.Common.csproj", "{5F896075-EE30-439B-8A13-EC2811F1BB34}"
EndProject
Project("{2150E333-8FDC-42A3-9474-1A3956D46DE8}") = "tests", "tests", "{0AB3BF05-4346-4AA6-1389-037BE0695223}"
EndProject
Project("{2150E333-8FDC-42A3-9474-1A3956D46DE8}") = "Solution Items", "Solution Items", "{8EC462FD-D22E-90A8-E5CE-7E832BA40C5D}"
	ProjectSection(SolutionItems) = preProject
		.gitignore = .gitignore
		README.md = README.md
	EndProjectSection
EndProject
Project("{2150E333-8FDC-42A3-9474-1A3956D46DE8}") = "docs", "docs", "{02EA681E-C7D8-13C7-8484-4AC65E1B71E8}"
	ProjectSection(SolutionItems) = preProject
		docs\architecture.md = docs\architecture.md
		docs\setup.md = docs\setup.md
	EndProjectSection
EndProject
Project("{2150E333-8FDC-42A3-9474-1A3956D46DE8}") = "images", "images", "{C999E6E4-80E0-4997-9F6B-78E3D9C425C5}"
	ProjectSection(SolutionItems) = preProject
		docs\images\A.txt = docs\images\A.txt
	EndProjectSection
EndProject
Project("{2150E333-8FDC-42A3-9474-1A3956D46DE8}") = "postgres", "postgres", "{991A245B-C381-4403-BC23-257B4371F4ED}"
EndProject
Project("{2150E333-8FDC-42A3-9474-1A3956D46DE8}") = "docker", "docker", "{401B7590-2311-4AF0-A880-DF78E931498F}"
	ProjectSection(SolutionItems) = preProject
		postgres\docker\Dockerfile = postgres\docker\Dockerfile
	EndProjectSection
EndProject
Project("{2150E333-8FDC-42A3-9474-1A3956D46DE8}") = "docker-entrypoint-initdb.d", "docker-entrypoint-initdb.d", "{7F042915-D485-4805-8C7B-84FB79E88D46}"
	ProjectSection(SolutionItems) = preProject
		postgres\docker\docker-entrypoint-initdb.d\001-make-vulnfeed-db.sql = postgres\docker\docker-entrypoint-initdb.d\001-make-vulnfeed-db.sql
	EndProjectSection
EndProject
Project("{FAE04EC0-301F-11D3-BF4B-00C04F79EFBC}") = "VulnFeed.Domain", "src\VulnFeed.Domain\VulnFeed.Domain.csproj", "{8162BEF6-9EFF-4AFD-BB96-6A82FB17E254}"
EndProject
Project("{FAE04EC0-301F-11D3-BF4B-00C04F79EFBC}") = "VulnFeed.Data", "src\VulnFeed.Data\VulnFeed.Data.csproj", "{396EA9F0-EB8B-4426-8C14-B7CB0494E211}"
EndProject
Project("{FAE04EC0-301F-11D3-BF4B-00C04F79EFBC}") = "VulnFeed.Loader", "src\VulnFeed.Loader\VulnFeed.Loader.csproj", "{F88D24DE-31D5-059E-EEC2-C4D431D0AEA4}"
EndProject
Project("{FAE04EC0-301F-11D3-BF4B-00C04F79EFBC}") = "VulnFeed.Common.Tests", "tests\VulnFeed.Common.Tests\VulnFeed.Common.Tests.csproj", "{990778CF-E383-C755-9785-63ED85CB0A2D}"
EndProject
Project("{FAE04EC0-301F-11D3-BF4B-00C04F79EFBC}") = "VulnFeed.Data.Tests", "tests\VulnFeed.Data.Tests\VulnFeed.Data.Tests.csproj", "{284B37EF-42B1-A31F-5F93-D462AC65918C}"
EndProject
Project("{FAE04EC0-301F-11D3-BF4B-00C04F79EFBC}") = "VulnFeed.Domain.Tests", "tests\VulnFeed.Domain.Tests\VulnFeed.Domain.Tests.csproj", "{B2FD8659-B1E2-CE45-56E0-744D297D0F77}"
EndProject
Project("{FAE04EC0-301F-11D3-BF4B-00C04F79EFBC}") = "VulnFeed.Loader.Tests", "tests\VulnFeed.Loader.Tests\VulnFeed.Loader.Tests.csproj", "{A7F858C2-07C4-D0AA-1942-B5D4A8DF5C8C}"
EndProject
Project("{FAE04EC0-301F-11D3-BF4B-00C04F79EFBC}") = "VulnFeed.Web.Tests", "tests\VulnFeed.Web.Tests\VulnFeed.Web.Tests.csproj", "{CBB07725-38B5-49F1-F6A3-9DE9D2183C45}"
EndProject
Project("{FAE04EC0-301F-11D3-BF4B-00C04F79EFBC}") = "VulnFeed.Web", "src\VulnFeed.Web\VulnFeed.Web.csproj", "{E8920D84-7865-E91A-EC93-200C5CB97DAD}"
EndProject
Project("{FAE04EC0-301F-11D3-BF4B-00C04F79EFBC}") = "VulnFeed.Subscription", "src\VulnFeed.Subscription\VulnFeed.Subscription.csproj", "{22308B78-AD83-4310-9C52-906C1AA7664C}"
EndProject
Project("{FAE04EC0-301F-11D3-BF4B-00C04F79EFBC}") = "VulnFeed.Subscription.Tests", "tests\VulnFeed.Subscription.Tests\VulnFeed.Subscription.Tests.csproj", "{923A2F05-E909-484D-90CB-3FEE561769AC}"
EndProject
Global
	GlobalSection(SolutionConfigurationPlatforms) = preSolution
		Debug|Any CPU = Debug|Any CPU
		Debug|x64 = Debug|x64
		Debug|x86 = Debug|x86
		Release|Any CPU = Release|Any CPU
		Release|x64 = Release|x64
		Release|x86 = Release|x86
	EndGlobalSection
	GlobalSection(ProjectConfigurationPlatforms) = postSolution
		{5F896075-EE30-439B-8A13-EC2811F1BB34}.Debug|Any CPU.ActiveCfg = Debug|Any CPU
		{5F896075-EE30-439B-8A13-EC2811F1BB34}.Debug|Any CPU.Build.0 = Debug|Any CPU
		{5F896075-EE30-439B-8A13-EC2811F1BB34}.Debug|x64.ActiveCfg = Debug|Any CPU
		{5F896075-EE30-439B-8A13-EC2811F1BB34}.Debug|x64.Build.0 = Debug|Any CPU
		{5F896075-EE30-439B-8A13-EC2811F1BB34}.Debug|x86.ActiveCfg = Debug|Any CPU
		{5F896075-EE30-439B-8A13-EC2811F1BB34}.Debug|x86.Build.0 = Debug|Any CPU
		{5F896075-EE30-439B-8A13-EC2811F1BB34}.Release|Any CPU.ActiveCfg = Release|Any CPU
		{5F896075-EE30-439B-8A13-EC2811F1BB34}.Release|Any CPU.Build.0 = Release|Any CPU
		{5F896075-EE30-439B-8A13-EC2811F1BB34}.Release|x64.ActiveCfg = Release|Any CPU
		{5F896075-EE30-439B-8A13-EC2811F1BB34}.Release|x64.Build.0 = Release|Any CPU
		{5F896075-EE30-439B-8A13-EC2811F1BB34}.Release|x86.ActiveCfg = Release|Any CPU
		{5F896075-EE30-439B-8A13-EC2811F1BB34}.Release|x86.Build.0 = Release|Any CPU
		{8162BEF6-9EFF-4AFD-BB96-6A82FB17E254}.Debug|Any CPU.ActiveCfg = Debug|Any CPU
		{8162BEF6-9EFF-4AFD-BB96-6A82FB17E254}.Debug|Any CPU.Build.0 = Debug|Any CPU
		{8162BEF6-9EFF-4AFD-BB96-6A82FB17E254}.Debug|x64.ActiveCfg = Debug|Any CPU
		{8162BEF6-9EFF-4AFD-BB96-6A82FB17E254}.Debug|x64.Build.0 = Debug|Any CPU
		{8162BEF6-9EFF-4AFD-BB96-6A82FB17E254}.Debug|x86.ActiveCfg = Debug|Any CPU
		{8162BEF6-9EFF-4AFD-BB96-6A82FB17E254}.Debug|x86.Build.0 = Debug|Any CPU
		{8162BEF6-9EFF-4AFD-BB96-6A82FB17E254}.Release|Any CPU.ActiveCfg = Release|Any CPU
		{8162BEF6-9EFF-4AFD-BB96-6A82FB17E254}.Release|Any CPU.Build.0 = Release|Any CPU
		{8162BEF6-9EFF-4AFD-BB96-6A82FB17E254}.Release|x64.ActiveCfg = Release|Any CPU
		{8162BEF6-9EFF-4AFD-BB96-6A82FB17E254}.Release|x64.Build.0 = Release|Any CPU
		{8162BEF6-9EFF-4AFD-BB96-6A82FB17E254}.Release|x86.ActiveCfg = Release|Any CPU
		{8162BEF6-9EFF-4AFD-BB96-6A82FB17E254}.Release|x86.Build.0 = Release|Any CPU
		{396EA9F0-EB8B-4426-8C14-B7CB0494E211}.Debug|Any CPU.ActiveCfg = Debug|Any CPU
		{396EA9F0-EB8B-4426-8C14-B7CB0494E211}.Debug|Any CPU.Build.0 = Debug|Any CPU
		{396EA9F0-EB8B-4426-8C14-B7CB0494E211}.Debug|x64.ActiveCfg = Debug|Any CPU
		{396EA9F0-EB8B-4426-8C14-B7CB0494E211}.Debug|x64.Build.0 = Debug|Any CPU
		{396EA9F0-EB8B-4426-8C14-B7CB0494E211}.Debug|x86.ActiveCfg = Debug|Any CPU
		{396EA9F0-EB8B-4426-8C14-B7CB0494E211}.Debug|x86.Build.0 = Debug|Any CPU
		{396EA9F0-EB8B-4426-8C14-B7CB0494E211}.Release|Any CPU.ActiveCfg = Release|Any CPU
		{396EA9F0-EB8B-4426-8C14-B7CB0494E211}.Release|Any CPU.Build.0 = Release|Any CPU
		{396EA9F0-EB8B-4426-8C14-B7CB0494E211}.Release|x64.ActiveCfg = Release|Any CPU
		{396EA9F0-EB8B-4426-8C14-B7CB0494E211}.Release|x64.Build.0 = Release|Any CPU
		{396EA9F0-EB8B-4426-8C14-B7CB0494E211}.Release|x86.ActiveCfg = Release|Any CPU
		{396EA9F0-EB8B-4426-8C14-B7CB0494E211}.Release|x86.Build.0 = Release|Any CPU
		{F88D24DE-31D5-059E-EEC2-C4D431D0AEA4}.Debug|Any CPU.ActiveCfg = Debug|Any CPU
		{F88D24DE-31D5-059E-EEC2-C4D431D0AEA4}.Debug|Any CPU.Build.0 = Debug|Any CPU
		{F88D24DE-31D5-059E-EEC2-C4D431D0AEA4}.Debug|x64.ActiveCfg = Debug|Any CPU
		{F88D24DE-31D5-059E-EEC2-C4D431D0AEA4}.Debug|x64.Build.0 = Debug|Any CPU
		{F88D24DE-31D5-059E-EEC2-C4D431D0AEA4}.Debug|x86.ActiveCfg = Debug|Any CPU
		{F88D24DE-31D5-059E-EEC2-C4D431D0AEA4}.Debug|x86.Build.0 = Debug|Any CPU
		{F88D24DE-31D5-059E-EEC2-C4D431D0AEA4}.Release|Any CPU.ActiveCfg = Release|Any CPU
		{F88D24DE-31D5-059E-EEC2-C4D431D0AEA4}.Release|Any CPU.Build.0 = Release|Any CPU
		{F88D24DE-31D5-059E-EEC2-C4D431D0AEA4}.Release|x64.ActiveCfg = Release|Any CPU
		{F88D24DE-31D5-059E-EEC2-C4D431D0AEA4}.Release|x64.Build.0 = Release|Any CPU
		{F88D24DE-31D5-059E-EEC2-C4D431D0AEA4}.Release|x86.ActiveCfg = Release|Any CPU
		{F88D24DE-31D5-059E-EEC2-C4D431D0AEA4}.Release|x86.Build.0 = Release|Any CPU
		{990778CF-E383-C755-9785-63ED85CB0A2D}.Debug|Any CPU.ActiveCfg = Debug|Any CPU
		{990778CF-E383-C755-9785-63ED85CB0A2D}.Debug|Any CPU.Build.0 = Debug|Any CPU
		{990778CF-E383-C755-9785-63ED85CB0A2D}.Debug|x64.ActiveCfg = Debug|Any CPU
		{990778CF-E383-C755-9785-63ED85CB0A2D}.Debug|x64.Build.0 = Debug|Any CPU
		{990778CF-E383-C755-9785-63ED85CB0A2D}.Debug|x86.ActiveCfg = Debug|Any CPU
		{990778CF-E383-C755-9785-63ED85CB0A2D}.Debug|x86.Build.0 = Debug|Any CPU
		{990778CF-E383-C755-9785-63ED85CB0A2D}.Release|Any CPU.ActiveCfg = Release|Any CPU
		{990778CF-E383-C755-9785-63ED85CB0A2D}.Release|Any CPU.Build.0 = Release|Any CPU
		{990778CF-E383-C755-9785-63ED85CB0A2D}.Release|x64.ActiveCfg = Release|Any CPU
		{990778CF-E383-C755-9785-63ED85CB0A2D}.Release|x64.Build.0 = Release|Any CPU
		{990778CF-E383-C755-9785-63ED85CB0A2D}.Release|x86.ActiveCfg = Release|Any CPU
		{990778CF-E383-C755-9785-63ED85CB0A2D}.Release|x86.Build.0 = Release|Any CPU
		{284B37EF-42B1-A31F-5F93-D462AC65918C}.Debug|Any CPU.ActiveCfg = Debug|Any CPU
		{284B37EF-42B1-A31F-5F93-D462AC65918C}.Debug|Any CPU.Build.0 = Debug|Any CPU
		{284B37EF-42B1-A31F-5F93-D462AC65918C}.Debug|x64.ActiveCfg = Debug|Any CPU
		{284B37EF-42B1-A31F-5F93-D462AC65918C}.Debug|x64.Build.0 = Debug|Any CPU
		{284B37EF-42B1-A31F-5F93-D462AC65918C}.Debug|x86.ActiveCfg = Debug|Any CPU
		{284B37EF-42B1-A31F-5F93-D462AC65918C}.Debug|x86.Build.0 = Debug|Any CPU
		{284B37EF-42B1-A31F-5F93-D462AC65918C}.Release|Any CPU.ActiveCfg = Release|Any CPU
		{284B37EF-42B1-A31F-5F93-D462AC65918C}.Release|Any CPU.Build.0 = Release|Any CPU
		{284B37EF-42B1-A31F-5F93-D462AC65918C}.Release|x64.ActiveCfg = Release|Any CPU
		{284B37EF-42B1-A31F-5F93-D462AC65918C}.Release|x64.Build.0 = Release|Any CPU
		{284B37EF-42B1-A31F-5F93-D462AC65918C}.Release|x86.ActiveCfg = Release|Any CPU
		{284B37EF-42B1-A31F-5F93-D462AC65918C}.Release|x86.Build.0 = Release|Any CPU
		{B2FD8659-B1E2-CE45-56E0-744D297D0F77}.Debug|Any CPU.ActiveCfg = Debug|Any CPU
		{B2FD8659-B1E2-CE45-56E0-744D297D0F77}.Debug|Any CPU.Build.0 = Debug|Any CPU
		{B2FD8659-B1E2-CE45-56E0-744D297D0F77}.Debug|x64.ActiveCfg = Debug|Any CPU
		{B2FD8659-B1E2-CE45-56E0-744D297D0F77}.Debug|x64.Build.0 = Debug|Any CPU
		{B2FD8659-B1E2-CE45-56E0-744D297D0F77}.Debug|x86.ActiveCfg = Debug|Any CPU
		{B2FD8659-B1E2-CE45-56E0-744D297D0F77}.Debug|x86.Build.0 = Debug|Any CPU
		{B2FD8659-B1E2-CE45-56E0-744D297D0F77}.Release|Any CPU.ActiveCfg = Release|Any CPU
		{B2FD8659-B1E2-CE45-56E0-744D297D0F77}.Release|Any CPU.Build.0 = Release|Any CPU
		{B2FD8659-B1E2-CE45-56E0-744D297D0F77}.Release|x64.ActiveCfg = Release|Any CPU
		{B2FD8659-B1E2-CE45-56E0-744D297D0F77}.Release|x64.Build.0 = Release|Any CPU
		{B2FD8659-B1E2-CE45-56E0-744D297D0F77}.Release|x86.ActiveCfg = Release|Any CPU
		{B2FD8659-B1E2-CE45-56E0-744D297D0F77}.Release|x86.Build.0 = Release|Any CPU
		{A7F858C2-07C4-D0AA-1942-B5D4A8DF5C8C}.Debug|Any CPU.ActiveCfg = Debug|Any CPU
		{A7F858C2-07C4-D0AA-1942-B5D4A8DF5C8C}.Debug|Any CPU.Build.0 = Debug|Any CPU
		{A7F858C2-07C4-D0AA-1942-B5D4A8DF5C8C}.Debug|x64.ActiveCfg = Debug|Any CPU
		{A7F858C2-07C4-D0AA-1942-B5D4A8DF5C8C}.Debug|x64.Build.0 = Debug|Any CPU
		{A7F858C2-07C4-D0AA-1942-B5D4A8DF5C8C}.Debug|x86.ActiveCfg = Debug|Any CPU
		{A7F858C2-07C4-D0AA-1942-B5D4A8DF5C8C}.Debug|x86.Build.0 = Debug|Any CPU
		{A7F858C2-07C4-D0AA-1942-B5D4A8DF5C8C}.Release|Any CPU.ActiveCfg = Release|Any CPU
		{A7F858C2-07C4-D0AA-1942-B5D4A8DF5C8C}.Release|Any CPU.Build.0 = Release|Any CPU
		{A7F858C2-07C4-D0AA-1942-B5D4A8DF5C8C}.Release|x64.ActiveCfg = Release|Any CPU
		{A7F858C2-07C4-D0AA-1942-B5D4A8DF5C8C}.Release|x64.Build.0 = Release|Any CPU
		{A7F858C2-07C4-D0AA-1942-B5D4A8DF5C8C}.Release|x86.ActiveCfg = Release|Any CPU
		{A7F858C2-07C4-D0AA-1942-B5D4A8DF5C8C}.Release|x86.Build.0 = Release|Any CPU
		{CBB07725-38B5-49F1-F6A3-9DE9D2183C45}.Debug|Any CPU.ActiveCfg = Debug|Any CPU
		{CBB07725-38B5-49F1-F6A3-9DE9D2183C45}.Debug|Any CPU.Build.0 = Debug|Any CPU
		{CBB07725-38B5-49F1-F6A3-9DE9D2183C45}.Debug|x64.ActiveCfg = Debug|Any CPU
		{CBB07725-38B5-49F1-F6A3-9DE9D2183C45}.Debug|x64.Build.0 = Debug|Any CPU
		{CBB07725-38B5-49F1-F6A3-9DE9D2183C45}.Debug|x86.ActiveCfg = Debug|Any CPU
		{CBB07725-38B5-49F1-F6A3-9DE9D2183C45}.Debug|x86.Build.0 = Debug|Any CPU
		{CBB07725-38B5-49F1-F6A3-9DE9D2183C45}.Release|Any CPU.ActiveCfg = Release|Any CPU
		{CBB07725-38B5-49F1-F6A3-9DE9D2183C45}.Release|Any CPU.Build.0 = Release|Any CPU
		{CBB07725-38B5-49F1-F6A3-9DE9D2183C45}.Release|x64.ActiveCfg = Release|Any CPU
		{CBB07725-38B5-49F1-F6A3-9DE9D2183C45}.Release|x64.Build.0 = Release|Any CPU
		{CBB07725-38B5-49F1-F6A3-9DE9D2183C45}.Release|x86.ActiveCfg = Release|Any CPU
		{CBB07725-38B5-49F1-F6A3-9DE9D2183C45}.Release|x86.Build.0 = Release|Any CPU
		{E8920D84-7865-E91A-EC93-200C5CB97DAD}.Debug|Any CPU.ActiveCfg = Debug|Any CPU
		{E8920D84-7865-E91A-EC93-200C5CB97DAD}.Debug|Any CPU.Build.0 = Debug|Any CPU
		{E8920D84-7865-E91A-EC93-200C5CB97DAD}.Debug|x64.ActiveCfg = Debug|Any CPU
		{E8920D84-7865-E91A-EC93-200C5CB97DAD}.Debug|x64.Build.0 = Debug|Any CPU
		{E8920D84-7865-E91A-EC93-200C5CB97DAD}.Debug|x86.ActiveCfg = Debug|Any CPU
		{E8920D84-7865-E91A-EC93-200C5CB97DAD}.Debug|x86.Build.0 = Debug|Any CPU
		{E8920D84-7865-E91A-EC93-200C5CB97DAD}.Release|Any CPU.ActiveCfg = Release|Any CPU
		{E8920D84-7865-E91A-EC93-200C5CB97DAD}.Release|Any CPU.Build.0 = Release|Any CPU
		{E8920D84-7865-E91A-EC93-200C5CB97DAD}.Release|x64.ActiveCfg = Release|Any CPU
		{E8920D84-7865-E91A-EC93-200C5CB97DAD}.Release|x64.Build.0 = Release|Any CPU
		{E8920D84-7865-E91A-EC93-200C5CB97DAD}.Release|x86.ActiveCfg = Release|Any CPU
		{E8920D84-7865-E91A-EC93-200C5CB97DAD}.Release|x86.Build.0 = Release|Any CPU
		{22308B78-AD83-4310-9C52-906C1AA7664C}.Debug|Any CPU.ActiveCfg = Debug|Any CPU
		{22308B78-AD83-4310-9C52-906C1AA7664C}.Debug|Any CPU.Build.0 = Debug|Any CPU
		{22308B78-AD83-4310-9C52-906C1AA7664C}.Debug|x64.ActiveCfg = Debug|Any CPU
		{22308B78-AD83-4310-9C52-906C1AA7664C}.Debug|x64.Build.0 = Debug|Any CPU
		{22308B78-AD83-4310-9C52-906C1AA7664C}.Debug|x86.ActiveCfg = Debug|Any CPU
		{22308B78-AD83-4310-9C52-906C1AA7664C}.Debug|x86.Build.0 = Debug|Any CPU
		{22308B78-AD83-4310-9C52-906C1AA7664C}.Release|Any CPU.ActiveCfg = Release|Any CPU
		{22308B78-AD83-4310-9C52-906C1AA7664C}.Release|Any CPU.Build.0 = Release|Any CPU
		{22308B78-AD83-4310-9C52-906C1AA7664C}.Release|x64.ActiveCfg = Release|Any CPU
		{22308B78-AD83-4310-9C52-906C1AA7664C}.Release|x64.Build.0 = Release|Any CPU
		{22308B78-AD83-4310-9C52-906C1AA7664C}.Release|x86.ActiveCfg = Release|Any CPU
		{22308B78-AD83-4310-9C52-906C1AA7664C}.Release|x86.Build.0 = Release|Any CPU
		{923A2F05-E909-484D-90CB-3FEE561769AC}.Debug|Any CPU.ActiveCfg = Debug|Any CPU
		{923A2F05-E909-484D-90CB-3FEE561769AC}.Debug|Any CPU.Build.0 = Debug|Any CPU
		{923A2F05-E909-484D-90CB-3FEE561769AC}.Debug|x64.ActiveCfg = Debug|Any CPU
		{923A2F05-E909-484D-90CB-3FEE561769AC}.Debug|x64.Build.0 = Debug|Any CPU
		{923A2F05-E909-484D-90CB-3FEE561769AC}.Debug|x86.ActiveCfg = Debug|Any CPU
		{923A2F05-E909-484D-90CB-3FEE561769AC}.Debug|x86.Build.0 = Debug|Any CPU
		{923A2F05-E909-484D-90CB-3FEE561769AC}.Release|Any CPU.ActiveCfg = Release|Any CPU
		{923A2F05-E909-484D-90CB-3FEE561769AC}.Release|Any CPU.Build.0 = Release|Any CPU
		{923A2F05-E909-484D-90CB-3FEE561769AC}.Release|x64.ActiveCfg = Release|Any CPU
		{923A2F05-E909-484D-90CB-3FEE561769AC}.Release|x64.Build.0 = Release|Any CPU
		{923A2F05-E909-484D-90CB-3FEE561769AC}.Release|x86.ActiveCfg = Release|Any CPU
		{923A2F05-E909-484D-90CB-3FEE561769AC}.Release|x86.Build.0 = Release|Any CPU
	EndGlobalSection
	GlobalSection(SolutionProperties) = preSolution
		HideSolutionNode = FALSE
	EndGlobalSection
	GlobalSection(NestedProjects) = preSolution
		{5F896075-EE30-439B-8A13-EC2811F1BB34} = {827E0CD3-B72D-47B6-A68D-7590B98EB39B}
		{C999E6E4-80E0-4997-9F6B-78E3D9C425C5} = {02EA681E-C7D8-13C7-8484-4AC65E1B71E8}
		{401B7590-2311-4AF0-A880-DF78E931498F} = {991A245B-C381-4403-BC23-257B4371F4ED}
		{7F042915-D485-4805-8C7B-84FB79E88D46} = {401B7590-2311-4AF0-A880-DF78E931498F}
		{8162BEF6-9EFF-4AFD-BB96-6A82FB17E254} = {827E0CD3-B72D-47B6-A68D-7590B98EB39B}
		{396EA9F0-EB8B-4426-8C14-B7CB0494E211} = {827E0CD3-B72D-47B6-A68D-7590B98EB39B}
		{F88D24DE-31D5-059E-EEC2-C4D431D0AEA4} = {827E0CD3-B72D-47B6-A68D-7590B98EB39B}
		{990778CF-E383-C755-9785-63ED85CB0A2D} = {0AB3BF05-4346-4AA6-1389-037BE0695223}
		{284B37EF-42B1-A31F-5F93-D462AC65918C} = {0AB3BF05-4346-4AA6-1389-037BE0695223}
		{B2FD8659-B1E2-CE45-56E0-744D297D0F77} = {0AB3BF05-4346-4AA6-1389-037BE0695223}
		{A7F858C2-07C4-D0AA-1942-B5D4A8DF5C8C} = {0AB3BF05-4346-4AA6-1389-037BE0695223}
		{CBB07725-38B5-49F1-F6A3-9DE9D2183C45} = {0AB3BF05-4346-4AA6-1389-037BE0695223}
		{E8920D84-7865-E91A-EC93-200C5CB97DAD} = {827E0CD3-B72D-47B6-A68D-7590B98EB39B}
		{22308B78-AD83-4310-9C52-906C1AA7664C} = {827E0CD3-B72D-47B6-A68D-7590B98EB39B}
		{923A2F05-E909-484D-90CB-3FEE561769AC} = {0AB3BF05-4346-4AA6-1389-037BE0695223}
	EndGlobalSection
	GlobalSection(ExtensibilityGlobals) = postSolution
		SolutionGuid = {46A9B2CB-D75F-4080-8672-CD130D7F9FB0}
	EndGlobalSection
EndGlobal
